
# This file is generated by running "oce-build" inside your project.
# Manual changes might be lost - proceed with caution!

OpenCorePkg:
  version: 1.0.1
  url: https://github.com/dortania/build-repo/releases/download/OpenCorePkg-7e39fed/OpenCore-1.0.1-DEBUG.zip
  resolution: '@acidanthera/OpenCorePkg@github:1.0.1#7e39fed'
  checksum: bd0d2b52033f810ff08ebe3a6edd99f1d73cfad8a4109b34c4d9f22fdbdd8ca0
  extract: ./X64/EFI/.
  type: directory
  dependencies:
    OcBinaryData:
      resolution: '@acidanthera/OcBinaryData@github:#af09b0bf'
      url: https://github.com/acidanthera/OcBinaryData/
      extract:
        - ./Drivers/.
        - ./Resources/.
      type: binary
Lilu:
  version: 1.6.8
  url: https://github.com/dortania/build-repo/releases/download/Lilu-4256f43/Lilu-1.6.8-DEBUG.zip
  resolution: '@acidanthera/Lilu@github:1.6.8#4256f43'
  checksum: 313a9b178e9f8726e12a59e6418f6cecf14933ed6c8eb49ab7f2e01487093a05
  extract: ./Lilu.kext
  type: kext
WhateverGreen:
  version: 1.6.7
  url: https://github.com/dortania/build-repo/releases/download/WhateverGreen-d87a4c4/WhateverGreen-1.6.7-DEBUG.zip
  resolution: '@acidanthera/WhateverGreen@github:1.6.7#d87a4c4'
  checksum: add2b938c910ad28b6e7ec38ea2b9511bacb9e624c80cb3ec0d55c71019cbe49
  extract: ./WhateverGreen.kext
  type: kext
AppleALC:
  version: 1.9.1
  url: https://github.com/dortania/build-repo/releases/download/AppleALC-9abbb02/AppleALC-1.9.1-DEBUG.zip
  resolution: '@acidanthera/AppleALC@github:1.9.1#9abbb02'
  checksum: e296088562cf9e706b3338398c541de30b126869f842acbe4e9eaf65b11929b2
  extract: ./AppleALC.kext
  type: kext
VirtualSMC:
  version: 1.3.3
  url: https://github.com/dortania/build-repo/releases/download/VirtualSMC-038200e/VirtualSMC-1.3.3-DEBUG.zip
  resolution: '@acidanthera/VirtualSMC@github:1.3.3#038200e'
  checksum: 9071b707bc731c115b1981eb6fe181f827ea278a48ad3673217ec8aac58a2943
  extract: ./Kexts/VirtualSMC.kext
  type: kext
  bundled:
    SMCBatteryManager:
      extract: ./Kexts/SMCBatteryManager.kext
      type: kext
    SMCProcessor:
      extract: ./Kexts/SMCProcessor.kext
      type: kext
    SMCSuperIO:
      extract: ./Kexts/SMCSuperIO.kext
      type: kext
AsusSMC:
  version: 1.4.1
  url: https://github.com/hieplpvip/AsusSMC/releases/download/1.4.1/AsusSMC-1.4.1-DEBUG.zip
  resolution: '@hieplpvip/AsusSMC@github:1.4.1#release'
  checksum: a6e10e428c9ce0ca5cf5618083a2db86d8cf809d2185ce9775522496a8956872
  extract: ./AsusSMC.kext
  type: kext
AirportItlwm-Sonoma-14.4:
  version: 2.3.0
  url: https://github.com/OpenIntelWireless/itlwm/releases/download/v2.3.0/AirportItlwm_v2.3.0_stable_Sonoma14.4.kext.zip
  resolution: '@OpenIntelWireless/itlwm@github:2.3.0#release'
  checksum: 7ef12a8037eb9bc795828c348f4fa0728b8ade57aa0984b037816ef91c2d5119
  extract: ./AirportItlwm.kext
  type: kext
AirportItlwm-Sonoma-14.0:
  version: 2.3.0
  url: https://github.com/OpenIntelWireless/itlwm/releases/download/v2.3.0/AirportItlwm_v2.3.0_stable_Sonoma14.0.kext.zip
  resolution: '@OpenIntelWireless/itlwm@github:2.3.0#release'
  checksum: d795fc5844e9126f4327c4be5ceae9297ebf8a0977377a28c4a24346643609bb
  extract: ./AirportItlwm.kext
  type: kext
AirportItlwm-Ventura:
  version: 2.3.0
  url: https://github.com/OpenIntelWireless/itlwm/releases/download/v2.3.0/AirportItlwm_v2.3.0_stable_Ventura.kext.zip
  resolution: '@OpenIntelWireless/itlwm@github:2.3.0#release'
  checksum: 7ea19307ef9ae08991d911e6f1de59e682444e21dbcd6342b5e0a037f19c860e
  extract: ./AirportItlwm.kext
  type: kext
AirportItlwm-Monterey:
  version: 2.3.0
  url: https://github.com/OpenIntelWireless/itlwm/releases/download/v2.3.0/AirportItlwm_v2.3.0_stable_Monterey.kext.zip
  resolution: '@OpenIntelWireless/itlwm@github:2.3.0#release'
  checksum: da4a7468bb92fbe873513e0cd0d037d367f65051339d73b726d4c40b6167f923
  extract: ./AirportItlwm.kext
  type: kext
AirportItlwm-BigSur:
  version: 2.3.0
  url: https://github.com/OpenIntelWireless/itlwm/releases/download/v2.3.0/AirportItlwm_v2.3.0_stable_BigSur.kext.zip
  resolution: '@OpenIntelWireless/itlwm@github:2.3.0#release'
  checksum: 0d89fe4f515023a81cea16bbc3540d2ceb2d0dc312cc6f1050038e47fea31fdc
  extract: ./AirportItlwm.kext
  type: kext
AirportItlwm-Catalina:
  version: 2.3.0
  url: https://github.com/OpenIntelWireless/itlwm/releases/download/v2.3.0/AirportItlwm_v2.3.0_stable_Catalina.kext.zip
  resolution: '@OpenIntelWireless/itlwm@github:2.3.0#release'
  checksum: 68ce60fa7c1f625ba3d07e8ad1b36798e6fffe076f7d0cd021db39b09367d7fb
  extract: ./AirportItlwm.kext
  type: kext
BlueToolFixup:
  version: 2.6.9
  url: https://github.com/dortania/build-repo/releases/download/BrcmPatchRAM-d7e3f23/BrcmPatchRAM-2.6.9-DEBUG.zip
  resolution: '@acidanthera/BrcmPatchRAM@github:2.6.9#d7e3f23'
  checksum: d609eb96173ca953a0cd73f93a665641fe96a0d2c05b81f8235a1cf70a13a44a
  extract: ./BlueToolFixup.kext
  type: kext
IntelBluetoothFirmware:
  version: 2.4.0
  url: https://github.com/OpenIntelWireless/IntelBluetoothFirmware/releases/download/v2.4.0/IntelBluetooth-v2.4.0.zip
  resolution: '@OpenIntelWireless/IntelBluetoothFirmware@github:2.4.0#release'
  checksum: 78418daa11f620012fc53ba68cbd643c2642a45f2f96c594fd01aaf2bc68fe2b
  extract: ./IntelBluetoothFirmware.kext
  type: kext
  bundled:
    IntelBluetoothInjector:
      extract: ./IntelBluetoothInjector.kext
      type: kext
    IntelBTPatcher:
      extract: ./IntelBTPatcher.kext
      type: kext
CpuTscSync:
  version: 1.1.1
  url: https://github.com/dortania/build-repo/releases/download/CpuTscSync-bc32031/CpuTscSync-1.1.1-DEBUG.zip
  resolution: '@acidanthera/CpuTscSync@github:1.1.1#bc32031'
  checksum: 719eb26a77d997707905da5f4dd05fcbb3bb0813376c2a29af2dfda658b0b4c3
  extract: ./CpuTscSync.kext
  type: kext
DiskArbitrationFixup:
  version: 1.0.0
  url: https://github.com/Qonfused/DiskArbitrationFixup/releases/download/1.0.0/DiskArbitrationFixup-1.0.0-DevBuild-02272020_225112.zip
  resolution: '@Qonfused/DiskArbitrationFixup@github:1.0.0#release'
  checksum: abd5d88fd8c48be5549c9430b2441fb010f6f705210f69b56be603fe6b9fe083
  extract: ./DiskArbitrationFixup.kext
  type: kext
ECEnabler:
  version: 1.0.5
  url: https://github.com/dortania/build-repo/releases/download/ECEnabler-bd81da6/ECEnabler-1.0.5-DEBUG.zip
  resolution: '@1Revenger1/ECEnabler@github:1.0.5#bd81da6'
  checksum: f8b02d91cdd6b78dbf4882fa1c81bc437078186806df9a71eee10054e66b2333
  extract: ./ECEnabler.kext
  type: kext
FeatureUnlock:
  version: 1.1.6
  url: https://github.com/dortania/build-repo/releases/download/FeatureUnlock-118f3ec/FeatureUnlock-1.1.6-DEBUG.zip
  resolution: '@acidanthera/FeatureUnlock@github:1.1.6#118f3ec'
  checksum: 8952d9967ec7ede31c668d634f49a80b7b1c372444ee8ba9118fe8bf2259f88f
  extract: ./FeatureUnlock.kext
  type: kext
HibernationFixup:
  version: 1.5.1
  url: https://github.com/dortania/build-repo/releases/download/HibernationFixup-7b8e26b/HibernationFixup-1.5.1-DEBUG.zip
  resolution: '@acidanthera/HibernationFixup@github:1.5.1#7b8e26b'
  checksum: 73e5e9bd19dbd87c04a089e2c359782192e4eb03dad1f00b23f4d28bf0380f28
  extract: ./HibernationFixup.kext
  type: kext
NVMeFix:
  version: 1.1.2
  url: https://github.com/dortania/build-repo/releases/download/NVMeFix-8680dde/NVMeFix-1.1.2-DEBUG.zip
  resolution: '@acidanthera/NVMeFix@github:1.1.2#8680dde'
  checksum: bd9df076260425536322670575cf5370552777659082794321f8bc10aa65bd75
  extract: ./NVMeFix.kext
  type: kext
RealtekCardReader:
  version: 0.9.7
  url: https://github.com/0xFireWolf/RealtekCardReader/releases/download/v0.9.7/RealtekCardReader_0.9.7_006a845_DEBUG.zip
  resolution: '@0xFireWolf/RealtekCardReader@github:0.9.7#release'
  checksum: 07c86911bd3b27bb201c2f87881ca2df3cf3cde1b8bb240436cea28976899bf2
  extract: ./RealtekCardReader.kext
  type: kext
RealtekCardReaderFriend:
  version: 1.0.4
  url: https://github.com/0xFireWolf/RealtekCardReaderFriend/releases/download/v1.0.4/RealtekCardReaderFriend_1.0.4_e1e3301_DEBUG.zip
  resolution: '@0xFireWolf/RealtekCardReaderFriend@github:1.0.4#release'
  checksum: 31a0d7829643cfb3609358f4f1388dbb9ee42c87c875e26baab127213bc422a4
  extract: ./RealtekCardReaderFriend.kext
  type: kext
RestrictEvents:
  version: 1.1.4
  url: https://github.com/dortania/build-repo/releases/download/RestrictEvents-b712414/RestrictEvents-1.1.4-DEBUG.zip
  resolution: '@acidanthera/RestrictEvents@github:1.1.4#b712414'
  checksum: 02fe81ccf9b37b8158a906793061c78999fa5e04ba3f977df41df23be1605f56
  extract: ./RestrictEvents.kext
  type: kext
ThunderboltReset:
  version: "1.0"
  url: https://github.com/osy/ThunderboltReset/releases/download/v1.0/ThunderboltReset.kext.zip
  resolution: '@osy/ThunderboltReset@github:1.0#release'
  checksum: bebf15a604c949f915a3d6cf427c16e67c5b471ff39bc1bc8ff109ce29f06a91
  extract: ./ThunderboltReset.kext
  type: kext
IOElectrify:
  version: 0.0.1
  url: https://github.com/the-darkvoid/macOS-IOElectrify/releases/download/v0.0.1/darkvoid-IOElectrify-2017-1112.zip
  resolution: '@the-darkvoid/macOS-IOElectrify@github:0.0.1#release'
  checksum: ddd99d8226e754441127d1a446c60c64a8e6d4dd68d7926b8f0000bfb553c5e7
  extract: ./Debug/IOElectrify.kext
  type: kext
USBToolBox:
  version: 1.1.1
  url: https://github.com/USBToolBox/kext/releases/download/1.1.1/USBToolBox-1.1.1-DEBUG.zip
  resolution: '@USBToolbox/kext@github:1.1.1#release'
  checksum: 5c545703d90e0cf288148a39787e3302d1d1c246981fa53d39d449d81b4536bd
  extract: ./USBToolBox.kext
  type: kext
VoodooI2C:
  version: "2.8"
  url: https://github.com/VoodooI2C/VoodooI2C/releases/download/2.8/VoodooI2C-2.8.zip
  resolution: '@VoodooI2C/VoodooI2C@github:2.8#release'
  checksum: 234ef07979bdeec95f8d6c53f050c38005bd542d7af8a29ca05ac103ee190924
  extract: ./VoodooI2C.kext
  type: kext
  bundled:
    VoodooI2CHID:
      extract: ./VoodooI2CHID.kext
      type: kext
VoodooPS2Controller:
  version: 2.3.6
  url: https://github.com/dortania/build-repo/releases/download/VoodooPS2-8e05d4f/VoodooPS2Controller-2.3.6-DEBUG.zip
  resolution: '@acidanthera/VoodooPS2@github:2.3.6#8e05d4f'
  checksum: 2ca18fda6fafa956ff07cf97f67c303fe8e41df250027c30054d505a54a0b657
  extract: ./VoodooPS2Controller.kext
  type: kext
VoodooInjector:
  version: 1.0.0
  url: https://github.com/Qonfused/VoodooInjector/releases/download/1.0.0/VoodooInjector-1.0.0-DevBuild-02242023_232212.kext.zip
  resolution: '@Qonfused/VoodooInjector@github:1.0.0#release'
  checksum: 90f8edd5ebaf793e0ecc91e6b1cfe68e77119c0af1a8f7d30869b9872aed7d42
  extract: ./VoodooInjector.kext
  type: kext
